%{
  "cowboy": {:hex, :cowboy, "2.18.0", "bff388eb4d6356cb3f88c26e65b515976bf04b401b805d31550c3e60eba8fe18", [:make, :rebar3], [{:cowlib, ">= 2.19.0 and < 3.0.0", [hex: :cowlib, repo: "hexpm", optional: false]}, {:ranch, ">= 1.8.0 and < 3.0.0", [hex: :ranch, repo: "hexpm", optional: false]}], "hexpm", "62d0b26abcf455054972b0da242389c69d5982ce5914afb8c344517f667b9600"},
  "cowlib": {:hex, :cowlib, "2.19.0", "c9d11c9d035472e27a740c9f327786c61ed209269b4be0260d59d3ec07b8949f", [:make, :rebar3], [], "hexpm", "6dc66e3135b229193ea4dcb14294e79520c923d391315c9c962ef0b4bea72356"},
  "decimal": {:hex, :decimal, "3.1.1", "430d87b04011ce6cbd4fd205be758311a81f87d552d40904abd00f015935b1d0", [:mix], [], "hexpm", "c5f25f2ced74a0587d03e6023f595db8e924c9d3922c8c8ffd9edfc4498cf1f6"},
  "ex_json_schema": {:hex, :ex_json_schema, "0.11.5", "ea45f3238be135949dbbbcc9e8eb4682d6e561b8a66374e75d85a2e1d2bd4107", [:mix], [{:decimal, "~> 3.0", [hex: :decimal, repo: "hexpm", optional: false]}], "hexpm", "61ed2a8f07bd115e7ab6d45c147642a8c73b962bc419fadbb248046b9d3d0f20"},
  "flow": {:hex, :flow, "1.2.4", "1dd58918287eb286656008777cb32714b5123d3855956f29aa141ebae456922d", [:mix], [{:gen_stage, "~> 1.0", [hex: :gen_stage, repo: "hexpm", optional: false]}], "hexpm", "874adde96368e71870f3510b91e35bc31652291858c86c0e75359cbdd35eb211"},
  "gen_stage": {:hex, :gen_stage, "1.3.2", "7c77e5d1e97de2c6c2f78f306f463bca64bf2f4c3cdd606affc0100b89743b7b", [:mix], [], "hexpm", "0ffae547fa777b3ed889a6b9e1e64566217413d018cabd825f786e843ffe63e7"},
  "googleapis": {:hex, :googleapis, "0.1.0", "13770f3f75f5b863fb9acf41633c7bc71bad788f3f553b66481a096d083ee20e", [:mix], [{:protobuf, "~> 0.12", [hex: :protobuf, repo: "hexpm", optional: false]}], "hexpm", "1989a7244fd17d3eb5f3de311a022b656c3736b39740db46506157c4604bd212"},
  "grpc": {:hex, :grpc, "1.0.5", "71082f1a2d0ff6d2a4198efaf514c33e71485167d1e278022bc0641cd788cea2", [:mix], [{:castore, "~> 1.0", [hex: :castore, repo: "hexpm", optional: true]}, {:grpc_core, "~> 1.0.5", [hex: :grpc_core, repo: "hexpm", optional: false]}, {:gun, "~> 2.4.0", [hex: :gun, repo: "hexpm", optional: true]}, {:mint, "~> 1.9", [hex: :mint, repo: "hexpm", optional: true]}], "hexpm", "5e892e542a2e0f05ed17a4ad3814483e3980eaa93906f993dac9e08369b178ea"},
  "grpc_core": {:hex, :grpc_core, "1.0.5", "add39a2ca38604f73c8b2feed30c0fd2d2291daedac8060ee1a75b5658f0a69d", [:mix], [{:googleapis, "~> 0.1.0", [hex: :googleapis, repo: "hexpm", optional: false]}, {:jason, ">= 0.0.0", [hex: :jason, repo: "hexpm", optional: false]}, {:protobuf, "~> 0.17", [hex: :protobuf, repo: "hexpm", optional: false]}, {:telemetry, "~> 1.0", [hex: :telemetry, repo: "hexpm", optional: false]}], "hexpm", "a18ae7380cfebc20271aad36393e8aa041e1faa926fa25f40328e4350f83d8f0"},
  "grpc_server": {:hex, :grpc_server, "1.0.5", "7cad10f412de85d5a7329f09302f17644142702ca7d5cbe47cf68a6cce463ad9", [:mix], [{:cowboy, "~> 2.14", [hex: :cowboy, repo: "hexpm", optional: false]}, {:cowlib, "~> 2.14", [hex: :cowlib, repo: "hexpm", optional: false]}, {:flow, "~> 1.2", [hex: :flow, repo: "hexpm", optional: false]}, {:grpc_core, "~> 1.0.5", [hex: :grpc_core, repo: "hexpm", optional: false]}, {:protobuf, "~> 0.17", [hex: :protobuf, repo: "hexpm", optional: false]}], "hexpm", "1a7df870e92dad4d7c12ec1bd264a06c94cbab2f12b054064636ee2b486607b0"},
  "jason": {:hex, :jason, "1.4.5", "2e3a008590b0b8d7388c20293e9dcc9cf3e5d642fd2a114e4cbbb52e595d940a", [:mix], [{:decimal, "~> 1.0 or ~> 2.0 or ~> 3.0", [hex: :decimal, repo: "hexpm", optional: true]}], "hexpm", "b0c823996102bcd0239b3c2444eb00409b72f6a140c1950bc8b457d836b30684"},
  "protobuf": {:hex, :protobuf, "0.17.0", "39e24e43c9648e148feba16ed51100b5b2028ea900b55460377b0476f6e10613", [:mix], [{:jason, "~> 1.2", [hex: :jason, repo: "hexpm", optional: true]}], "hexpm", "ca6c91f6f63e2c147b47f03eefd10b80538aa6fc55ff4b12b795efb786b0152f"},
  "protobuf_generate": {:hex, :protobuf_generate, "0.2.1", "c5152be200576eac58e01f4a681843b6a52f3fc996d3c03dafbe02f474bdb756", [:mix], [{:protobuf, "~> 0.17", [hex: :protobuf, repo: "hexpm", optional: false]}], "hexpm", "fce94212db9c22e9f1245cbbd3f18ed963ed22a98fa8227d759dddf77e232b6a"},
  "ranch": {:hex, :ranch, "2.2.1", "fc2bb0e800efbeab8ff82eb325450b9c08653b14c3f69e8b09bbea304973105d", [:make, :rebar3], [], "hexpm", "55f05cce20ec2da1d90de5d5981afb93dbfc01325fc7e933189aa5c62f037c24"},
  "telemetry": {:hex, :telemetry, "1.4.2", "a0cb522801dffb1c49fe6e30561badffc7b6d0e180db1300df759faa22062855", [:rebar3], [], "hexpm", "928f6495066506077862c0d1646609eed891a4326bee3126ba54b60af61febb1"},
}
